
Microsoft Visual Studio Solution File, Format Version 12.00
# Visual Studio Version 16
VisualStudioVersion = 16.0.29806.167
MinimumVisualStudioVersion = 10.0.40219.1
Project("{9A19103F-16F7-4668-BE54-9A1E7A4F7556}") = "Estimation.API", "Estimation\Estimation.API.csproj", "{F77F1830-9DBB-4963-9614-8D1EE90995DA}"
EndProject
Project("{9A19103F-16F7-4668-BE54-9A1E7A4F7556}") = "Estimation.Data", "Estimation.Data\Estimation.Data.csproj", "{4EF70116-E275-4095-9165-7A6B8468603F}"
EndProject
Project("{9A19103F-16F7-4668-BE54-9A1E7A4F7556}") = "Estimation.Domain", "Estimation.Domain\Estimation.Domain.csproj", "{B7E937E6-961B-4EC7-A7E3-6432524E2EAF}"
EndProject
Project("{9A19103F-16F7-4668-BE54-9A1E7A4F7556}") = "ProjectEngine.IdentityServer", "ProjectEngine.IdentityServer\ProjectEngine.IdentityServer\ProjectEngine.IdentityServer.csproj", "{DE0B0049-CE09-4120-BAF0-A4094FBA5F71}"
EndProject
Project("{FAE04EC0-301F-11D3-BF4B-00C04F79EFBC}") = "ProjectEngine.Application", "ProjectEngine.Application\ProjectEngine.Application.csproj", "{866DCE5E-4B62-4331-9EE1-2D27602D3975}"
EndProject
Global
	GlobalSection(SolutionConfigurationPlatforms) = preSolution
		Debug|Any CPU = Debug|Any CPU
		Release|Any CPU = Release|Any CPU
	EndGlobalSection
	GlobalSection(ProjectConfigurationPlatforms) = postSolution
		{F77F1830-9DBB-4963-9614-8D1EE90995DA}.Debug|Any CPU.ActiveCfg = Debug|Any CPU
		{F77F1830-9DBB-4963-9614-8D1EE90995DA}.Debug|Any CPU.Build.0 = Debug|Any CPU
		{F77F1830-9DBB-4963-9614-8D1EE90995DA}.Release|Any CPU.ActiveCfg = Release|Any CPU
		{F77F1830-9DBB-4963-9614-8D1EE90995DA}.Release|Any CPU.Build.0 = Release|Any CPU
		{4EF70116-E275-4095-9165-7A6B8468603F}.Debug|Any CPU.ActiveCfg = Debug|Any CPU
		{4EF70116-E275-4095-9165-7A6B8468603F}.Debug|Any CPU.Build.0 = Debug|Any CPU
		{4EF70116-E275-4095-9165-7A6B8468603F}.Release|Any CPU.ActiveCfg = Release|Any CPU
		{4EF70116-E275-4095-9165-7A6B8468603F}.Release|Any CPU.Build.0 = Release|Any CPU
		{B7E937E6-961B-4EC7-A7E3-6432524E2EAF}.Debug|Any CPU.ActiveCfg = Debug|Any CPU
		{B7E937E6-961B-4EC7-A7E3-6432524E2EAF}.Debug|Any CPU.Build.0 = Debug|Any CPU
		{B7E937E6-961B-4EC7-A7E3-6432524E2EAF}.Release|Any CPU.ActiveCfg = Release|Any CPU
		{B7E937E6-961B-4EC7-A7E3-6432524E2EAF}.Release|Any CPU.Build.0 = Release|Any CPU
		{DE0B0049-CE09-4120-BAF0-A4094FBA5F71}.Debug|Any CPU.ActiveCfg = Debug|Any CPU
		{DE0B0049-CE09-4120-BAF0-A4094FBA5F71}.Debug|Any CPU.Build.0 = Debug|Any CPU
		{DE0B0049-CE09-4120-BAF0-A4094FBA5F71}.Release|Any CPU.ActiveCfg = Release|Any CPU
		{DE0B0049-CE09-4120-BAF0-A4094FBA5F71}.Release|Any CPU.Build.0 = Release|Any CPU
		{866DCE5E-4B62-4331-9EE1-2D27602D3975}.Debug|Any CPU.ActiveCfg = Debug|Any CPU
		{866DCE5E-4B62-4331-9EE1-2D27602D3975}.Debug|Any CPU.Build.0 = Debug|Any CPU
		{866DCE5E-4B62-4331-9EE1-2D27602D3975}.Release|Any CPU.ActiveCfg = Release|Any CPU
		{866DCE5E-4B62-4331-9EE1-2D27602D3975}.Release|Any CPU.Build.0 = Release|Any CPU
	EndGlobalSection
	GlobalSection(SolutionProperties) = preSolution
		HideSolutionNode = FALSE
	EndGlobalSection
	GlobalSection(ExtensibilityGlobals) = postSolution
		SolutionGuid = {B3B7E273-71B6-461F-9B74-FE399EBDC424}
	EndGlobalSection
EndGlobal
